
Microsoft Visual Studio Solution File, Format Version 12.00
# Visual Studio Version 17
VisualStudioVersion = 17.1.32228.430
MinimumVisualStudioVersion = 10.0.40219.1
Project("{9A19103F-16F7-4668-BE54-9A1E7A4F7556}") = "BreakfastBuffet", "BreakfastBuffet.csproj", "{276A24FF-EADB-476C-9A0B-A2E6E7FA5D96}"
EndProject
Global
	GlobalSection(SolutionConfigurationPlatforms) = preSolution
		Debug|Any CPU = Debug|Any CPU
		Release|Any CPU = Release|Any CPU
	EndGlobalSection
	GlobalSection(ProjectConfigurationPlatforms) = postSolution
		{276A24FF-EADB-476C-9A0B-A2E6E7FA5D96}.Debug|Any CPU.ActiveCfg = Debug|Any CPU
		{276A24FF-EADB-476C-9A0B-A2E6E7FA5D96}.Debug|Any CPU.Build.0 = Debug|Any CPU
		{276A24FF-EADB-476C-9A0B-A2E6E7FA5D96}.Release|Any CPU.ActiveCfg = Release|Any CPU
		{276A24FF-EADB-476C-9A0B-A2E6E7FA5D96}.Release|Any CPU.Build.0 = Release|Any CPU
	EndGlobalSection
	GlobalSection(SolutionProperties) = preSolution
		HideSolutionNode = FALSE
	EndGlobalSection
	GlobalSection(ExtensibilityGlobals) = postSolution
		SolutionGuid = {1A0A14A9-AD25-4EFA-A2AE-9BA1B9FB7AC3}
	EndGlobalSection
EndGlobal
